
Microsoft Visual Studio Solution File, Format Version 12.00
# Visual Studio Version 16
VisualStudioVersion = 16.0.32126.315
MinimumVisualStudioVersion = 10.0.40219.1
Project("{8BC9CEB8-8B4A-11D0-8D11-00A0C91BC942}") = "File-Directory-Tree-Shell", "File-Directory-Tree-Shell\File-Directory-Tree-Shell.vcxproj", "{F0BFB26A-E282-49B8-9D07-E62C5D431A74}"
EndProject
Global
	GlobalSection(SolutionConfigurationPlatforms) = preSolution
		Debug|x64 = Debug|x64
		Debug|x86 = Debug|x86
		Release|x64 = Release|x64
		Release|x86 = Release|x86
	EndGlobalSection
	GlobalSection(ProjectConfigurationPlatforms) = postSolution
		{F0BFB26A-E282-49B8-9D07-E62C5D431A74}.Debug|x64.ActiveCfg = Debug|x64
		{F0BFB26A-E282-49B8-9D07-E62C5D431A74}.Debug|x64.Build.0 = Debug|x64
		{F0BFB26A-E282-49B8-9D07-E62C5D431A74}.Debug|x86.ActiveCfg = Debug|Win32
		{F0BFB26A-E282-49B8-9D07-E62C5D431A74}.Debug|x86.Build.0 = Debug|Win32
		{F0BFB26A-E282-49B8-9D07-E62C5D431A74}.Release|x64.ActiveCfg = Release|x64
		{F0BFB26A-E282-49B8-9D07-E62C5D431A74}.Release|x64.Build.0 = Release|x64
		{F0BFB26A-E282-49B8-9D07-E62C5D431A74}.Release|x86.ActiveCfg = Release|Win32
		{F0BFB26A-E282-49B8-9D07-E62C5D431A74}.Release|x86.Build.0 = Release|Win32
	EndGlobalSection
	GlobalSection(SolutionProperties) = preSolution
		HideSolutionNode = FALSE
	EndGlobalSection
	GlobalSection(ExtensibilityGlobals) = postSolution
		SolutionGuid = {BA3EC03E-F36E-4D44-A3C2-6A08386DF7E9}
	EndGlobalSection
EndGlobal
